
Microsoft Visual Studio Solution File, Format Version 12.00
# Visual Studio 15
VisualStudioVersion = 15.0.27130.0
MinimumVisualStudioVersion = 10.0.40219.1
Project("{FAE04EC0-301F-11D3-BF4B-00C04F79EFBC}") = "BlackJackApp.DataAccess", "BlackJackApp.DAL\BlackJackApp.DataAccess.csproj", "{0837A9DA-C43A-432C-A85C-3E898171EB0D}"
EndProject
Project("{FAE04EC0-301F-11D3-BF4B-00C04F79EFBC}") = "BlackJackApp.Entities", "BlackJackApp.Entities\BlackJackApp.Entities.csproj", "{0C4346C6-F247-4F53-BD37-CBE11EE7E271}"
EndProject
Project("{FAE04EC0-301F-11D3-BF4B-00C04F79EFBC}") = "BlackJackApp.Services", "BlackJackApp.Services\BlackJackApp.Services.csproj", "{3F3921DB-1C9A-45BB-A29A-D52520644311}"
EndProject
Project("{FAE04EC0-301F-11D3-BF4B-00C04F79EFBC}") = "BlackJackApp.ViewModels", "BlackJackApp.ViewModels\BlackJackApp.ViewModels.csproj", "{C0101599-9B70-4398-B8ED-D37FEBAC0199}"
EndProject
Project("{FAE04EC0-301F-11D3-BF4B-00C04F79EFBC}") = "BlackJackApp.MVC", "BlackJackApp.Controllers\BlackJackApp.MVC.csproj", "{B97290B0-7D15-42EA-99B5-E7B030FD469D}"
EndProject
Project("{FAE04EC0-301F-11D3-BF4B-00C04F79EFBC}") = "BlackJackApp.AngularMVC", "BlackJackApp.AngularMVC\BlackJackApp.AngularMVC.csproj", "{E46732A8-06F9-4BA4-82C7-D3D1ACD24A74}"
EndProject
Project("{FAE04EC0-301F-11D3-BF4B-00C04F79EFBC}") = "AngularCLI", "AngularCLI\AngularCLI.csproj", "{3E81470C-6D4D-431F-9416-69F38A02D6F7}"
EndProject
Global
	GlobalSection(SolutionConfigurationPlatforms) = preSolution
		Debug|Any CPU = Debug|Any CPU
		Release|Any CPU = Release|Any CPU
	EndGlobalSection
	GlobalSection(ProjectConfigurationPlatforms) = postSolution
		{0837A9DA-C43A-432C-A85C-3E898171EB0D}.Debug|Any CPU.ActiveCfg = Debug|Any CPU
		{0837A9DA-C43A-432C-A85C-3E898171EB0D}.Debug|Any CPU.Build.0 = Debug|Any CPU
		{0837A9DA-C43A-432C-A85C-3E898171EB0D}.Release|Any CPU.ActiveCfg = Release|Any CPU
		{0837A9DA-C43A-432C-A85C-3E898171EB0D}.Release|Any CPU.Build.0 = Release|Any CPU
		{0C4346C6-F247-4F53-BD37-CBE11EE7E271}.Debug|Any CPU.ActiveCfg = Debug|Any CPU
		{0C4346C6-F247-4F53-BD37-CBE11EE7E271}.Debug|Any CPU.Build.0 = Debug|Any CPU
		{0C4346C6-F247-4F53-BD37-CBE11EE7E271}.Release|Any CPU.ActiveCfg = Release|Any CPU
		{0C4346C6-F247-4F53-BD37-CBE11EE7E271}.Release|Any CPU.Build.0 = Release|Any CPU
		{3F3921DB-1C9A-45BB-A29A-D52520644311}.Debug|Any CPU.ActiveCfg = Debug|Any CPU
		{3F3921DB-1C9A-45BB-A29A-D52520644311}.Debug|Any CPU.Build.0 = Debug|Any CPU
		{3F3921DB-1C9A-45BB-A29A-D52520644311}.Release|Any CPU.ActiveCfg = Release|Any CPU
		{3F3921DB-1C9A-45BB-A29A-D52520644311}.Release|Any CPU.Build.0 = Release|Any CPU
		{C0101599-9B70-4398-B8ED-D37FEBAC0199}.Debug|Any CPU.ActiveCfg = Debug|Any CPU
		{C0101599-9B70-4398-B8ED-D37FEBAC0199}.Debug|Any CPU.Build.0 = Debug|Any CPU
		{C0101599-9B70-4398-B8ED-D37FEBAC0199}.Release|Any CPU.ActiveCfg = Release|Any CPU
		{C0101599-9B70-4398-B8ED-D37FEBAC0199}.Release|Any CPU.Build.0 = Release|Any CPU
		{B97290B0-7D15-42EA-99B5-E7B030FD469D}.Debug|Any CPU.ActiveCfg = Debug|Any CPU
		{B97290B0-7D15-42EA-99B5-E7B030FD469D}.Debug|Any CPU.Build.0 = Debug|Any CPU
		{B97290B0-7D15-42EA-99B5-E7B030FD469D}.Release|Any CPU.ActiveCfg = Release|Any CPU
		{B97290B0-7D15-42EA-99B5-E7B030FD469D}.Release|Any CPU.Build.0 = Release|Any CPU
		{E46732A8-06F9-4BA4-82C7-D3D1ACD24A74}.Debug|Any CPU.ActiveCfg = Debug|Any CPU
		{E46732A8-06F9-4BA4-82C7-D3D1ACD24A74}.Debug|Any CPU.Build.0 = Debug|Any CPU
		{E46732A8-06F9-4BA4-82C7-D3D1ACD24A74}.Release|Any CPU.ActiveCfg = Release|Any CPU
		{E46732A8-06F9-4BA4-82C7-D3D1ACD24A74}.Release|Any CPU.Build.0 = Release|Any CPU
		{3E81470C-6D4D-431F-9416-69F38A02D6F7}.Debug|Any CPU.ActiveCfg = Debug|Any CPU
		{3E81470C-6D4D-431F-9416-69F38A02D6F7}.Debug|Any CPU.Build.0 = Debug|Any CPU
		{3E81470C-6D4D-431F-9416-69F38A02D6F7}.Release|Any CPU.ActiveCfg = Release|Any CPU
		{3E81470C-6D4D-431F-9416-69F38A02D6F7}.Release|Any CPU.Build.0 = Release|Any CPU
	EndGlobalSection
	GlobalSection(SolutionProperties) = preSolution
		HideSolutionNode = FALSE
	EndGlobalSection
	GlobalSection(ExtensibilityGlobals) = postSolution
		SolutionGuid = {7F98E709-4D98-433B-84FD-F3E72B01EAA0}
	EndGlobalSection
EndGlobal
